
Microsoft Visual Studio Solution File, Format Version 12.00
# Visual Studio Version 17
VisualStudioVersion = 17.13.35825.156 d17.13
MinimumVisualStudioVersion = 10.0.40219.1
Project("{FAE04EC0-301F-11D3-BF4B-00C04F79EFBC}") = "ConsoleSharp", "ConsoleSharp.csproj", "{4C68DE86-D922-4169-974F-5BCAFA337FFB}"
EndProject
Global
	GlobalSection(SolutionConfigurationPlatforms) = preSolution
		Debug|Any CPU = Debug|Any CPU
		Release|Any CPU = Release|Any CPU
	EndGlobalSection
	GlobalSection(ProjectConfigurationPlatforms) = postSolution
		{4C68DE86-D922-4169-974F-5BCAFA337FFB}.Debug|Any CPU.ActiveCfg = Debug|Any CPU
		{4C68DE86-D922-4169-974F-5BCAFA337FFB}.Debug|Any CPU.Build.0 = Debug|Any CPU
		{4C68DE86-D922-4169-974F-5BCAFA337FFB}.Release|Any CPU.ActiveCfg = Release|Any CPU
		{4C68DE86-D922-4169-974F-5BCAFA337FFB}.Release|Any CPU.Build.0 = Release|Any CPU
	EndGlobalSection
	GlobalSection(SolutionProperties) = preSolution
		HideSolutionNode = FALSE
	EndGlobalSection
	GlobalSection(ExtensibilityGlobals) = postSolution
		SolutionGuid = {3BD195CE-E693-4544-AB3A-9029A4AF1640}
	EndGlobalSection
EndGlobal
